
Microsoft Visual Studio Solution File, Format Version 12.00
# Visual Studio Version 16
VisualStudioVersion = 16.0.31019.35
MinimumVisualStudioVersion = 10.0.40219.1
Project("{FAE04EC0-301F-11D3-BF4B-00C04F79EFBC}") = "NeinteenFlower", "NeinteenFlower.csproj", "{5040DC0B-9788-4966-8612-A8F4AEDD9EDB}"
EndProject
Global
	GlobalSection(SolutionConfigurationPlatforms) = preSolution
		Debug|Any CPU = Debug|Any CPU
		Release|Any CPU = Release|Any CPU
	EndGlobalSection
	GlobalSection(ProjectConfigurationPlatforms) = postSolution
		{5040DC0B-9788-4966-8612-A8F4AEDD9EDB}.Debug|Any CPU.ActiveCfg = Debug|Any CPU
		{5040DC0B-9788-4966-8612-A8F4AEDD9EDB}.Debug|Any CPU.Build.0 = Debug|Any CPU
		{5040DC0B-9788-4966-8612-A8F4AEDD9EDB}.Release|Any CPU.ActiveCfg = Release|Any CPU
		{5040DC0B-9788-4966-8612-A8F4AEDD9EDB}.Release|Any CPU.Build.0 = Release|Any CPU
	EndGlobalSection
	GlobalSection(SolutionProperties) = preSolution
		HideSolutionNode = FALSE
	EndGlobalSection
	GlobalSection(ExtensibilityGlobals) = postSolution
		SolutionGuid = {170E9C58-CAA2-4027-BAF2-A8326A799DF6}
	EndGlobalSection
EndGlobal
